
Microsoft Visual Studio Solution File, Format Version 12.00
# Visual Studio Version 16
VisualStudioVersion = 16.0.33130.400
MinimumVisualStudioVersion = 10.0.40219.1
Project("{FAE04EC0-301F-11D3-BF4B-00C04F79EFBC}") = "WordleSolver", "WordleSolver\WordleSolver.csproj", "{1EC27D45-2486-4089-8FEB-8982C3CF22FA}"
EndProject
Global
	GlobalSection(SolutionConfigurationPlatforms) = preSolution
		Debug|Any CPU = Debug|Any CPU
		Release|Any CPU = Release|Any CPU
	EndGlobalSection
	GlobalSection(ProjectConfigurationPlatforms) = postSolution
		{1EC27D45-2486-4089-8FEB-8982C3CF22FA}.Debug|Any CPU.ActiveCfg = Debug|Any CPU
		{1EC27D45-2486-4089-8FEB-8982C3CF22FA}.Debug|Any CPU.Build.0 = Debug|Any CPU
		{1EC27D45-2486-4089-8FEB-8982C3CF22FA}.Release|Any CPU.ActiveCfg = Release|Any CPU
		{1EC27D45-2486-4089-8FEB-8982C3CF22FA}.Release|Any CPU.Build.0 = Release|Any CPU
	EndGlobalSection
	GlobalSection(SolutionProperties) = preSolution
		HideSolutionNode = FALSE
	EndGlobalSection
	GlobalSection(ExtensibilityGlobals) = postSolution
		SolutionGuid = {7993002D-288C-4B06-91C8-BAA02B6278FE}
	EndGlobalSection
EndGlobal
